
Microsoft Visual Studio Solution File, Format Version 12.00
# Visual Studio Version 16
VisualStudioVersion = 16.0.29519.181
MinimumVisualStudioVersion = 10.0.40219.1
Project("{FAE04EC0-301F-11D3-BF4B-00C04F79EFBC}") = "ConvertibleTray", "ConvertibleTray\ConvertibleTray.csproj", "{2C480EEB-145D-4994-8839-ECB6D70F0437}"
EndProject
Global
	GlobalSection(SolutionConfigurationPlatforms) = preSolution
		Debug|Any CPU = Debug|Any CPU
		Release|Any CPU = Release|Any CPU
	EndGlobalSection
	GlobalSection(ProjectConfigurationPlatforms) = postSolution
		{2C480EEB-145D-4994-8839-ECB6D70F0437}.Debug|Any CPU.ActiveCfg = Debug|Any CPU
		{2C480EEB-145D-4994-8839-ECB6D70F0437}.Debug|Any CPU.Build.0 = Debug|Any CPU
		{2C480EEB-145D-4994-8839-ECB6D70F0437}.Release|Any CPU.ActiveCfg = Release|Any CPU
		{2C480EEB-145D-4994-8839-ECB6D70F0437}.Release|Any CPU.Build.0 = Release|Any CPU
	EndGlobalSection
	GlobalSection(SolutionProperties) = preSolution
		HideSolutionNode = FALSE
	EndGlobalSection
	GlobalSection(ExtensibilityGlobals) = postSolution
		SolutionGuid = {0094B9BA-CF64-442C-86F8-F650830633D7}
	EndGlobalSection
EndGlobal
